
Microsoft Visual Studio Solution File, Format Version 12.00
# Visual Studio Version 16
VisualStudioVersion = 16.0.30002.166
MinimumVisualStudioVersion = 10.0.40219.1
Project("{9A19103F-16F7-4668-BE54-9A1E7A4F7556}") = "tienda-web", "tienda-web.csproj", "{001B28F3-2C98-45EE-A226-040827A1AB21}"
EndProject
Global
	GlobalSection(SolutionConfigurationPlatforms) = preSolution
		Debug|Any CPU = Debug|Any CPU
		Release|Any CPU = Release|Any CPU
	EndGlobalSection
	GlobalSection(ProjectConfigurationPlatforms) = postSolution
		{001B28F3-2C98-45EE-A226-040827A1AB21}.Debug|Any CPU.ActiveCfg = Debug|Any CPU
		{001B28F3-2C98-45EE-A226-040827A1AB21}.Debug|Any CPU.Build.0 = Debug|Any CPU
		{001B28F3-2C98-45EE-A226-040827A1AB21}.Release|Any CPU.ActiveCfg = Release|Any CPU
		{001B28F3-2C98-45EE-A226-040827A1AB21}.Release|Any CPU.Build.0 = Release|Any CPU
	EndGlobalSection
	GlobalSection(SolutionProperties) = preSolution
		HideSolutionNode = FALSE
	EndGlobalSection
	GlobalSection(ExtensibilityGlobals) = postSolution
		SolutionGuid = {530B71E4-0C74-4AA8-939E-A51FBCAEAE7D}
	EndGlobalSection
EndGlobal
