
Microsoft Visual Studio Solution File, Format Version 12.00
# Visual Studio Version 16
VisualStudioVersion = 16.0.30002.166
MinimumVisualStudioVersion = 10.0.40219.1
Project("{9A19103F-16F7-4668-BE54-9A1E7A4F7556}") = "tienda-web", "tienda-web.csproj", "{837180CD-8784-4966-A3B7-13DF0558820C}"
EndProject
Global
	GlobalSection(SolutionConfigurationPlatforms) = preSolution
		Debug|Any CPU = Debug|Any CPU
		Release|Any CPU = Release|Any CPU
	EndGlobalSection
	GlobalSection(ProjectConfigurationPlatforms) = postSolution
		{837180CD-8784-4966-A3B7-13DF0558820C}.Debug|Any CPU.ActiveCfg = Debug|Any CPU
		{837180CD-8784-4966-A3B7-13DF0558820C}.Debug|Any CPU.Build.0 = Debug|Any CPU
		{837180CD-8784-4966-A3B7-13DF0558820C}.Release|Any CPU.ActiveCfg = Release|Any CPU
		{837180CD-8784-4966-A3B7-13DF0558820C}.Release|Any CPU.Build.0 = Release|Any CPU
	EndGlobalSection
	GlobalSection(SolutionProperties) = preSolution
		HideSolutionNode = FALSE
	EndGlobalSection
	GlobalSection(ExtensibilityGlobals) = postSolution
		SolutionGuid = {256FD116-6A0B-4C8A-A12E-AA1BCB8D64BB}
	EndGlobalSection
EndGlobal
