
Microsoft Visual Studio Solution File, Format Version 12.00
# Visual Studio Version 16
VisualStudioVersion = 16.0.30002.166
MinimumVisualStudioVersion = 10.0.40219.1
Project("{FAE04EC0-301F-11D3-BF4B-00C04F79EFBC}") = "Login2", "Login2\Login2.csproj", "{B69F7272-6BF3-48C1-BD51-0442AD182AE0}"
EndProject
Global
	GlobalSection(SolutionConfigurationPlatforms) = preSolution
		Debug|Any CPU = Debug|Any CPU
		Release|Any CPU = Release|Any CPU
	EndGlobalSection
	GlobalSection(ProjectConfigurationPlatforms) = postSolution
		{B69F7272-6BF3-48C1-BD51-0442AD182AE0}.Debug|Any CPU.ActiveCfg = Debug|Any CPU
		{B69F7272-6BF3-48C1-BD51-0442AD182AE0}.Debug|Any CPU.Build.0 = Debug|Any CPU
		{B69F7272-6BF3-48C1-BD51-0442AD182AE0}.Release|Any CPU.ActiveCfg = Release|Any CPU
		{B69F7272-6BF3-48C1-BD51-0442AD182AE0}.Release|Any CPU.Build.0 = Release|Any CPU
	EndGlobalSection
	GlobalSection(SolutionProperties) = preSolution
		HideSolutionNode = FALSE
	EndGlobalSection
	GlobalSection(ExtensibilityGlobals) = postSolution
		SolutionGuid = {2684848C-DBDF-4F7D-B3AC-69DCF77DCFBF}
	EndGlobalSection
EndGlobal
